// !$*UTF8*$!
{
	archiveVersion = 1;
	classes = {
	};
	objectVersion = 110;
	objects = {

/* Begin PBXContainerItemProxy section */
		0FB95FA6307941C400C8CE0E /* PBXContainerItemProxy */ = {
			isa = PBXContainerItemProxy;
			containerPortal = 0FB95F90307941C300C8CE0E /* Project object */;
			proxyType = 1;
			remoteGlobalIDString = 0FB95F97307941C300C8CE0E;
			remoteInfo = CkagngocClipboard;
		};
		0FB95FB0307941C400C8CE0E /* PBXContainerItemProxy */ = {
			isa = PBXContainerItemProxy;
			containerPortal = 0FB95F90307941C300C8CE0E /* Project object */;
			proxyType = 1;
			remoteGlobalIDString = 0FB95F97307941C300C8CE0E;
			remoteInfo = CkagngocClipboard;
		};
/* End PBXContainerItemProxy section */

/* Begin PBXFileReference section */
		0FB95F98307941C300C8CE0E /* CkagngocClipboard.app */ = {isa = PBXFileReference; explicitFileType = wrapper.application; includeInIndex = 0; path = CkagngocClipboard.app; sourceTree = BUILT_PRODUCTS_DIR; };
		0FB95FA5307941C400C8CE0E /* CkagngocClipboardTests.xctest */ = {isa = PBXFileReference; explicitFileType = wrapper.cfbundle; includeInIndex = 0; path = CkagngocClipboardTests.xctest; sourceTree = BUILT_PRODUCTS_DIR; };
		0FB95FAF307941C400C8CE0E /* CkagngocClipboardUITests.xctest */ = {isa = PBXFileReference; explicitFileType = wrapper.cfbundle; includeInIndex = 0; path = CkagngocClipboardUITests.xctest; sourceTree = BUILT_PRODUCTS_DIR; };
/* End PBXFileReference section */

/* Begin PBXFileSystemSynchronizedRootGroup section */
		0FB95F9A307941C300C8CE0E /* CkagngocClipboard */ = {
			isa = PBXFileSystemSynchronizedRootGroup;
			path = CkagngocClipboard;
			sourceTree = "<group>";
		};
		0FB95FA8307941C400C8CE0E /* CkagngocClipboardTests */ = {
			isa = PBXFileSystemSynchronizedRootGroup;
			path = CkagngocClipboardTests;
			sourceTree = "<group>";
		};
		0FB95FB2307941C400C8CE0E /* CkagngocClipboardUITests */ = {
			isa = PBXFileSystemSynchronizedRootGroup;
			path = CkagngocClipboardUITests;
			sourceTree = "<group>";
		};
/* End PBXFileSystemSynchronizedRootGroup section */

/* Begin PBXFrameworksBuildPhase section */
		0FB95F95307941C300C8CE0E /* Frameworks */ = {
			isa = PBXFrameworksBuildPhase;
			files = (
			);
		};
		0FB95FA2307941C400C8CE0E /* Frameworks */ = {
			isa = PBXFrameworksBuildPhase;
			files = (
			);
		};
		0FB95FAC307941C400C8CE0E /* Frameworks */ = {
			isa = PBXFrameworksBuildPhase;
			files = (
			);
		};
/* End PBXFrameworksBuildPhase section */

/* Begin PBXGroup section */
		0FB95F8F307941C300C8CE0E = {
			isa = PBXGroup;
			children = (
				0FB95F9A307941C300C8CE0E /* CkagngocClipboard */,
				0FB95FA8307941C400C8CE0E /* CkagngocClipboardTests */,
				0FB95FB2307941C400C8CE0E /* CkagngocClipboardUITests */,
				0FB95F99307941C300C8CE0E /* Products */,
			);
			sourceTree = "<group>";
		};
		0FB95F99307941C300C8CE0E /* Products */ = {
			isa = PBXGroup;
			children = (
				0FB95F98307941C300C8CE0E /* CkagngocClipboard.app */,
				0FB95FA5307941C400C8CE0E /* CkagngocClipboardTests.xctest */,
				0FB95FAF307941C400C8CE0E /* CkagngocClipboardUITests.xctest */,
			);
			name = Products;
			sourceTree = "<group>";
		};
/* End PBXGroup section */

/* Begin PBXNativeTarget section */
		0FB95F97307941C300C8CE0E /* CkagngocClipboard */ = {
			isa = PBXNativeTarget;
			buildConfigurationList = 0FB95FB7307941C400C8CE0E /* Build configuration list for PBXNativeTarget "CkagngocClipboard" */;
			buildPhases = (
				0FB95F94307941C300C8CE0E /* Sources */,
				0FB95F95307941C300C8CE0E /* Frameworks */,
				0FB95F96307941C300C8CE0E /* Resources */,
			);
			buildRules = (
			);
			fileSystemSynchronizedGroups = (
				0FB95F9A307941C300C8CE0E /* CkagngocClipboard */,
			);
			name = CkagngocClipboard;
			productName = CkagngocClipboard;
			productReference = 0FB95F98307941C300C8CE0E /* CkagngocClipboard.app */;
			productType = "com.apple.product-type.application";
		};
		0FB95FA4307941C400C8CE0E /* CkagngocClipboardTests */ = {
			isa = PBXNativeTarget;
			buildConfigurationList = 0FB95FBA307941C400C8CE0E /* Build configuration list for PBXNativeTarget "CkagngocClipboardTests" */;
			buildPhases = (
				0FB95FA1307941C400C8CE0E /* Sources */,
				0FB95FA2307941C400C8CE0E /* Frameworks */,
				0FB95FA3307941C400C8CE0E /* Resources */,
			);
			buildRules = (
			);
			dependencies = (
				0FB95FA7307941C400C8CE0E /* PBXTargetDependency */,
			);
			fileSystemSynchronizedGroups = (
				0FB95FA8307941C400C8CE0E /* CkagngocClipboardTests */,
			);
			name = CkagngocClipboardTests;
			productName = CkagngocClipboardTests;
			productReference = 0FB95FA5307941C400C8CE0E /* CkagngocClipboardTests.xctest */;
			productType = "com.apple.product-type.bundle.unit-test";
		};
		0FB95FAE307941C400C8CE0E /* CkagngocClipboardUITests */ = {
			isa = PBXNativeTarget;
			buildConfigurationList = 0FB95FBD307941C400C8CE0E /* Build configuration list for PBXNativeTarget "CkagngocClipboardUITests" */;
			buildPhases = (
				0FB95FAB307941C400C8CE0E /* Sources */,
				0FB95FAC307941C400C8CE0E /* Frameworks */,
				0FB95FAD307941C400C8CE0E /* Resources */,
			);
			buildRules = (
			);
			dependencies = (
				0FB95FB1307941C400C8CE0E /* PBXTargetDependency */,
			);
			fileSystemSynchronizedGroups = (
				0FB95FB2307941C400C8CE0E /* CkagngocClipboardUITests */,
			);
			name = CkagngocClipboardUITests;
			productName = CkagngocClipboardUITests;
			productReference = 0FB95FAF307941C400C8CE0E /* CkagngocClipboardUITests.xctest */;
			productType = "com.apple.product-type.bundle.ui-testing";
		};
/* End PBXNativeTarget section */

/* Begin PBXProject section */
		0FB95F90307941C300C8CE0E /* Project object */ = {
			isa = PBXProject;
			attributes = {
				BuildIndependentTargetsInParallel = 1;
				LastSwiftUpdateCheck = 2700;
				LastUpgradeCheck = 2700;
				TargetAttributes = {
					0FB95F97307941C300C8CE0E = {
						CreatedOnToolsVersion = 27.0;
					};
					0FB95FA4307941C400C8CE0E = {
						CreatedOnToolsVersion = 27.0;
						TestTargetID = 0FB95F97307941C300C8CE0E;
					};
					0FB95FAE307941C400C8CE0E = {
						CreatedOnToolsVersion = 27.0;
						TestTargetID = 0FB95F97307941C300C8CE0E;
					};
				};
			};
			buildConfigurationList = 0FB95F93307941C300C8CE0E /* Build configuration list for PBXProject "CkagngocClipboard" */;
			developmentRegion = en;
			hasScannedForEncodings = 0;
			knownRegions = (
				en,
				Base,
			);
			mainGroup = 0FB95F8F307941C300C8CE0E;
			minimizedProjectReferenceProxies = 1;
			preferredProjectObjectVersion = 77;
			productRefGroup = 0FB95F99307941C300C8CE0E /* Products */;
			projectDirPath = "";
			projectRoot = "";
			targets = (
				0FB95F97307941C300C8CE0E /* CkagngocClipboard */,
				0FB95FA4307941C400C8CE0E /* CkagngocClipboardTests */,
				0FB95FAE307941C400C8CE0E /* CkagngocClipboardUITests */,
			);
		};
/* End PBXProject section */

/* Begin PBXResourcesBuildPhase section */
		0FB95F96307941C300C8CE0E /* Resources */ = {
			isa = PBXResourcesBuildPhase;
			files = (
			);
		};
		0FB95FA3307941C400C8CE0E /* Resources */ = {
			isa = PBXResourcesBuildPhase;
			files = (
			);
		};
		0FB95FAD307941C400C8CE0E /* Resources */ = {
			isa = PBXResourcesBuildPhase;
			files = (
			);
		};
/* End PBXResourcesBuildPhase section */

/* Begin PBXSourcesBuildPhase section */
		0FB95F94307941C300C8CE0E /* Sources */ = {
			isa = PBXSourcesBuildPhase;
			files = (
			);
		};
		0FB95FA1307941C400C8CE0E /* Sources */ = {
			isa = PBXSourcesBuildPhase;
			files = (
			);
		};
		0FB95FAB307941C400C8CE0E /* Sources */ = {
			isa = PBXSourcesBuildPhase;
			files = (
			);
		};
/* End PBXSourcesBuildPhase section */

/* Begin PBXTargetDependency section */
		0FB95FA7307941C400C8CE0E /* PBXTargetDependency */ = {
			isa = PBXTargetDependency;
			target = 0FB95F97307941C300C8CE0E /* CkagngocClipboard */;
			targetProxy = 0FB95FA6307941C400C8CE0E /* PBXContainerItemProxy */;
		};
		0FB95FB1307941C400C8CE0E /* PBXTargetDependency */ = {
			isa = PBXTargetDependency;
			target = 0FB95F97307941C300C8CE0E /* CkagngocClipboard */;
			targetProxy = 0FB95FB0307941C400C8CE0E /* PBXContainerItemProxy */;
		};
/* End PBXTargetDependency section */

/* Begin XCBuildConfiguration section */
		0FB95FB5307941C400C8CE0E /* Debug configuration for PBXProject "CkagngocClipboard" */ = {
			isa = XCBuildConfiguration;
			buildSettings = {
				ALWAYS_SEARCH_USER_PATHS = NO;
				ASSETCATALOG_COMPILER_GENERATE_SWIFT_ASSET_SYMBOL_EXTENSIONS = YES;
				CLANG_ANALYZER_NONNULL = YES;
				CLANG_ANALYZER_NUMBER_OBJECT_CONVERSION = YES_AGGRESSIVE;
				CLANG_CXX_LANGUAGE_STANDARD = "gnu++20";
				CLANG_ENABLE_MODULES = YES;
				CLANG_ENABLE_OBJC_ARC = YES;
				CLANG_ENABLE_OBJC_WEAK = YES;
				CLANG_WARN_BLOCK_CAPTURE_AUTORELEASING = YES;
				CLANG_WARN_BOOL_CONVERSION = YES;
				CLANG_WARN_COMMA = YES;
				CLANG_WARN_CONSTANT_CONVERSION = YES;
				CLANG_WARN_DEPRECATED_OBJC_IMPLEMENTATIONS = YES;
				CLANG_WARN_DIRECT_OBJC_ISA_USAGE = YES_ERROR;
				CLANG_WARN_DOCUMENTATION_COMMENTS = YES;
				CLANG_WARN_EMPTY_BODY = YES;
				CLANG_WARN_ENUM_CONVERSION = YES;
				CLANG_WARN_INFINITE_RECURSION = YES;
				CLANG_WARN_INT_CONVERSION = YES;
				CLANG_WARN_NON_LITERAL_NULL_CONVERSION = YES;
				CLANG_WARN_OBJC_IMPLICIT_RETAIN_SELF = YES;
				CLANG_WARN_OBJC_LITERAL_CONVERSION = YES;
				CLANG_WARN_OBJC_ROOT_CLASS = YES_ERROR;
				CLANG_WARN_QUOTED_INCLUDE_IN_FRAMEWORK_HEADER = YES;
				CLANG_WARN_RANGE_LOOP_ANALYSIS = YES;
				CLANG_WARN_STRICT_PROTOTYPES = YES;
				CLANG_WARN_SUSPICIOUS_MOVE = YES;
				CLANG_WARN_UNGUARDED_AVAILABILITY = YES_AGGRESSIVE;
				CLANG_WARN_UNREACHABLE_CODE = YES;
				CLANG_WARN__DUPLICATE_METHOD_MATCH = YES;
				COPY_PHASE_STRIP = NO;
				DEBUG_INFORMATION_FORMAT = dwarf;
				DEVELOPMENT_TEAM = 5CCD3C3SAV;
				ENABLE_STRICT_OBJC_MSGSEND = YES;
				ENABLE_TESTABILITY = YES;
				ENABLE_USER_SCRIPT_SANDBOXING = YES;
				GCC_C_LANGUAGE_STANDARD = gnu17;
				GCC_DYNAMIC_NO_PIC = NO;
				GCC_NO_COMMON_BLOCKS = YES;
				GCC_OPTIMIZATION_LEVEL = 0;
				GCC_PREPROCESSOR_DEFINITIONS = (
					"DEBUG=1",
					"$(inherited)",
				);
				GCC_WARN_64_TO_32_BIT_CONVERSION = YES;
				GCC_WARN_ABOUT_RETURN_TYPE = YES_ERROR;
				GCC_WARN_UNDECLARED_SELECTOR = YES;
				GCC_WARN_UNINITIALIZED_AUTOS = YES_AGGRESSIVE;
				GCC_WARN_UNUSED_FUNCTION = YES;
				GCC_WARN_UNUSED_VARIABLE = YES;
				LOCALIZATION_PREFERS_STRING_CATALOGS = YES;
				MACOSX_DEPLOYMENT_TARGET = 27.0;
				MTL_ENABLE_DEBUG_INFO = INCLUDE_SOURCE;
				MTL_FAST_MATH = YES;
				ONLY_ACTIVE_ARCH = YES;
				SDKROOT = macosx;
				SWIFT_ACTIVE_COMPILATION_CONDITIONS = "DEBUG $(inherited)";
				SWIFT_OPTIMIZATION_LEVEL = "-Onone";
			};
			name = Debug;
		};
		0FB95FB6307941C400C8CE0E /* Release configuration for PBXProject "CkagngocClipboard" */ = {
			isa = XCBuildConfiguration;
			buildSettings = {
				ALWAYS_SEARCH_USER_PATHS = NO;
				ASSETCATALOG_COMPILER_GENERATE_SWIFT_ASSET_SYMBOL_EXTENSIONS = YES;
				CLANG_ANALYZER_NONNULL = YES;
				CLANG_ANALYZER_NUMBER_OBJECT_CONVERSION = YES_AGGRESSIVE;
				CLANG_CXX_LANGUAGE_STANDARD = "gnu++20";
				CLANG_ENABLE_MODULES = YES;
				CLANG_ENABLE_OBJC_ARC = YES;
				CLANG_ENABLE_OBJC_WEAK = YES;
				CLANG_WARN_BLOCK_CAPTURE_AUTORELEASING = YES;
				CLANG_WARN_BOOL_CONVERSION = YES;
				CLANG_WARN_COMMA = YES;
				CLANG_WARN_CONSTANT_CONVERSION = YES;
				CLANG_WARN_DEPRECATED_OBJC_IMPLEMENTATIONS = YES;
				CLANG_WARN_DIRECT_OBJC_ISA_USAGE = YES_ERROR;
				CLANG_WARN_DOCUMENTATION_COMMENTS = YES;
				CLANG_WARN_EMPTY_BODY = YES;
				CLANG_WARN_ENUM_CONVERSION = YES;
				CLANG_WARN_INFINITE_RECURSION = YES;
				CLANG_WARN_INT_CONVERSION = YES;
				CLANG_WARN_NON_LITERAL_NULL_CONVERSION = YES;
				CLANG_WARN_OBJC_IMPLICIT_RETAIN_SELF = YES;
				CLANG_WARN_OBJC_LITERAL_CONVERSION = YES;
				CLANG_WARN_OBJC_ROOT_CLASS = YES_ERROR;
				CLANG_WARN_QUOTED_INCLUDE_IN_FRAMEWORK_HEADER = YES;
				CLANG_WARN_RANGE_LOOP_ANALYSIS = YES;
				CLANG_WARN_STRICT_PROTOTYPES = YES;
				CLANG_WARN_SUSPICIOUS_MOVE = YES;
				CLANG_WARN_UNGUARDED_AVAILABILITY = YES_AGGRESSIVE;
				CLANG_WARN_UNREACHABLE_CODE = YES;
				CLANG_WARN__DUPLICATE_METHOD_MATCH = YES;
				COPY_PHASE_STRIP = NO;
				DEBUG_INFORMATION_FORMAT = "dwarf-with-dsym";
				DEVELOPMENT_TEAM = 5CCD3C3SAV;
				ENABLE_NS_ASSERTIONS = NO;
				ENABLE_STRICT_OBJC_MSGSEND = YES;
				ENABLE_USER_SCRIPT_SANDBOXING = YES;
				GCC_C_LANGUAGE_STANDARD = gnu17;
				GCC_NO_COMMON_BLOCKS = YES;
				GCC_WARN_64_TO_32_BIT_CONVERSION = YES;
				GCC_WARN_ABOUT_RETURN_TYPE = YES_ERROR;
				GCC_WARN_UNDECLARED_SELECTOR = YES;
				GCC_WARN_UNINITIALIZED_AUTOS = YES_AGGRESSIVE;
				GCC_WARN_UNUSED_FUNCTION = YES;
				GCC_WARN_UNUSED_VARIABLE = YES;
				LOCALIZATION_PREFERS_STRING_CATALOGS = YES;
				MACOSX_DEPLOYMENT_TARGET = 27.0;
				MTL_ENABLE_DEBUG_INFO = NO;
				MTL_FAST_MATH = YES;
				SDKROOT = macosx;
				SWIFT_COMPILATION_MODE = wholemodule;
			};
			name = Release;
		};
		0FB95FB8307941C400C8CE0E /* Debug configuration for PBXNativeTarget "CkagngocClipboard" */ = {
			isa = XCBuildConfiguration;
			buildSettings = {
				ASSETCATALOG_COMPILER_APPICON_NAME = AppIcon;
				ASSETCATALOG_COMPILER_GLOBAL_ACCENT_COLOR_NAME = AccentColor;
				CODE_SIGN_STYLE = Automatic;
				COMBINE_HIDPI_IMAGES = YES;
				CURRENT_PROJECT_VERSION = 1;
				DEVELOPMENT_TEAM = 5CCD3C3SAV;
				ENABLE_APP_SANDBOX = YES;
				ENABLE_HARDENED_RUNTIME = YES;
				ENABLE_PREVIEWS = YES;
				ENABLE_USER_SELECTED_FILES = readonly;
				GENERATE_INFOPLIST_FILE = YES;
				INFOPLIST_KEY_NSHumanReadableCopyright = "";
				LD_RUNPATH_SEARCH_PATHS = (
					"$(inherited)",
					"@executable_path/../Frameworks",
				);
				MARKETING_VERSION = 1.0;
				PRODUCT_BUNDLE_IDENTIFIER = Ckagngco.CkagngocClipboard;
				PRODUCT_NAME = "$(TARGET_NAME)";
				REGISTER_APP_GROUPS = YES;
				STRING_CATALOG_GENERATE_SYMBOLS = YES;
				SWIFT_APPROACHABLE_CONCURRENCY = YES;
				SWIFT_DEFAULT_ACTOR_ISOLATION = MainActor;
				SWIFT_EMIT_LOC_STRINGS = YES;
				SWIFT_UPCOMING_FEATURE_MEMBER_IMPORT_VISIBILITY = YES;
				SWIFT_VERSION = 5.0;
			};
			name = Debug;
		};
		0FB95FB9307941C400C8CE0E /* Release configuration for PBXNativeTarget "CkagngocClipboard" */ = {
			isa = XCBuildConfiguration;
			buildSettings = {
				ASSETCATALOG_COMPILER_APPICON_NAME = AppIcon;
				ASSETCATALOG_COMPILER_GLOBAL_ACCENT_COLOR_NAME = AccentColor;
				CODE_SIGN_STYLE = Automatic;
				COMBINE_HIDPI_IMAGES = YES;
				CURRENT_PROJECT_VERSION = 1;
				DEVELOPMENT_TEAM = 5CCD3C3SAV;
				ENABLE_APP_SANDBOX = YES;
				ENABLE_HARDENED_RUNTIME = YES;
				ENABLE_PREVIEWS = YES;
				ENABLE_USER_SELECTED_FILES = readonly;
				GENERATE_INFOPLIST_FILE = YES;
				INFOPLIST_KEY_NSHumanReadableCopyright = "";
				LD_RUNPATH_SEARCH_PATHS = (
					"$(inherited)",
					"@executable_path/../Frameworks",
				);
				MARKETING_VERSION = 1.0;
				PRODUCT_BUNDLE_IDENTIFIER = Ckagngco.CkagngocClipboard;
				PRODUCT_NAME = "$(TARGET_NAME)";
				REGISTER_APP_GROUPS = YES;
				STRING_CATALOG_GENERATE_SYMBOLS = YES;
				SWIFT_APPROACHABLE_CONCURRENCY = YES;
				SWIFT_DEFAULT_ACTOR_ISOLATION = MainActor;
				SWIFT_EMIT_LOC_STRINGS = YES;
				SWIFT_UPCOMING_FEATURE_MEMBER_IMPORT_VISIBILITY = YES;
				SWIFT_VERSION = 5.0;
			};
			name = Release;
		};
		0FB95FBB307941C400C8CE0E /* Debug configuration for PBXNativeTarget "CkagngocClipboardTests" */ = {
			isa = XCBuildConfiguration;
			buildSettings = {
				BUNDLE_LOADER = "$(TEST_HOST)";
				CODE_SIGN_STYLE = Automatic;
				CURRENT_PROJECT_VERSION = 1;
				DEVELOPMENT_TEAM = 5CCD3C3SAV;
				GENERATE_INFOPLIST_FILE = YES;
				MACOSX_DEPLOYMENT_TARGET = 27.0;
				MARKETING_VERSION = 1.0;
				PRODUCT_BUNDLE_IDENTIFIER = Ckagngco.CkagngocClipboardTests;
				PRODUCT_NAME = "$(TARGET_NAME)";
				STRING_CATALOG_GENERATE_SYMBOLS = NO;
				SWIFT_APPROACHABLE_CONCURRENCY = YES;
				SWIFT_EMIT_LOC_STRINGS = NO;
				SWIFT_UPCOMING_FEATURE_MEMBER_IMPORT_VISIBILITY = YES;
				SWIFT_VERSION = 5.0;
				TEST_HOST = "$(BUILT_PRODUCTS_DIR)/CkagngocClipboard.app/$(BUNDLE_EXECUTABLE_FOLDER_PATH)/CkagngocClipboard";
			};
			name = Debug;
		};
		0FB95FBC307941C400C8CE0E /* Release configuration for PBXNativeTarget "CkagngocClipboardTests" */ = {
			isa = XCBuildConfiguration;
			buildSettings = {
				BUNDLE_LOADER = "$(TEST_HOST)";
				CODE_SIGN_STYLE = Automatic;
				CURRENT_PROJECT_VERSION = 1;
				DEVELOPMENT_TEAM = 5CCD3C3SAV;
				GENERATE_INFOPLIST_FILE = YES;
				MACOSX_DEPLOYMENT_TARGET = 27.0;
				MARKETING_VERSION = 1.0;
				PRODUCT_BUNDLE_IDENTIFIER = Ckagngco.CkagngocClipboardTests;
				PRODUCT_NAME = "$(TARGET_NAME)";
				STRING_CATALOG_GENERATE_SYMBOLS = NO;
				SWIFT_APPROACHABLE_CONCURRENCY = YES;
				SWIFT_EMIT_LOC_STRINGS = NO;
				SWIFT_UPCOMING_FEATURE_MEMBER_IMPORT_VISIBILITY = YES;
				SWIFT_VERSION = 5.0;
				TEST_HOST = "$(BUILT_PRODUCTS_DIR)/CkagngocClipboard.app/$(BUNDLE_EXECUTABLE_FOLDER_PATH)/CkagngocClipboard";
			};
			name = Release;
		};
		0FB95FBE307941C400C8CE0E /* Debug configuration for PBXNativeTarget "CkagngocClipboardUITests" */ = {
			isa = XCBuildConfiguration;
			buildSettings = {
				CODE_SIGN_STYLE = Automatic;
				CURRENT_PROJECT_VERSION = 1;
				DEVELOPMENT_TEAM = 5CCD3C3SAV;
				GENERATE_INFOPLIST_FILE = YES;
				MARKETING_VERSION = 1.0;
				PRODUCT_BUNDLE_IDENTIFIER = Ckagngco.CkagngocClipboardUITests;
				PRODUCT_NAME = "$(TARGET_NAME)";
				STRING_CATALOG_GENERATE_SYMBOLS = NO;
				SWIFT_APPROACHABLE_CONCURRENCY = YES;
				SWIFT_EMIT_LOC_STRINGS = NO;
				SWIFT_UPCOMING_FEATURE_MEMBER_IMPORT_VISIBILITY = YES;
				SWIFT_VERSION = 5.0;
				TEST_TARGET_NAME = CkagngocClipboard;
			};
			name = Debug;
		};
		0FB95FBF307941C400C8CE0E /* Release configuration for PBXNativeTarget "CkagngocClipboardUITests" */ = {
			isa = XCBuildConfiguration;
			buildSettings = {
				CODE_SIGN_STYLE = Automatic;
				CURRENT_PROJECT_VERSION = 1;
				DEVELOPMENT_TEAM = 5CCD3C3SAV;
				GENERATE_INFOPLIST_FILE = YES;
				MARKETING_VERSION = 1.0;
				PRODUCT_BUNDLE_IDENTIFIER = Ckagngco.CkagngocClipboardUITests;
				PRODUCT_NAME = "$(TARGET_NAME)";
				STRING_CATALOG_GENERATE_SYMBOLS = NO;
				SWIFT_APPROACHABLE_CONCURRENCY = YES;
				SWIFT_EMIT_LOC_STRINGS = NO;
				SWIFT_UPCOMING_FEATURE_MEMBER_IMPORT_VISIBILITY = YES;
				SWIFT_VERSION = 5.0;
				TEST_TARGET_NAME = CkagngocClipboard;
			};
			name = Release;
		};
/* End XCBuildConfiguration section */

/* Begin XCConfigurationList section */
		0FB95F93307941C300C8CE0E /* Build configuration list for PBXProject "CkagngocClipboard" */ = {
			isa = XCConfigurationList;
			buildConfigurations = (
				0FB95FB5307941C400C8CE0E /* Debug configuration for PBXProject "CkagngocClipboard" */,
				0FB95FB6307941C400C8CE0E /* Release configuration for PBXProject "CkagngocClipboard" */,
			);
			defaultConfigurationName = Release;
		};
		0FB95FB7307941C400C8CE0E /* Build configuration list for PBXNativeTarget "CkagngocClipboard" */ = {
			isa = XCConfigurationList;
			buildConfigurations = (
				0FB95FB8307941C400C8CE0E /* Debug configuration for PBXNativeTarget "CkagngocClipboard" */,
				0FB95FB9307941C400C8CE0E /* Release configuration for PBXNativeTarget "CkagngocClipboard" */,
			);
			defaultConfigurationName = Release;
		};
		0FB95FBA307941C400C8CE0E /* Build configuration list for PBXNativeTarget "CkagngocClipboardTests" */ = {
			isa = XCConfigurationList;
			buildConfigurations = (
				0FB95FBB307941C400C8CE0E /* Debug configuration for PBXNativeTarget "CkagngocClipboardTests" */,
				0FB95FBC307941C400C8CE0E /* Release configuration for PBXNativeTarget "CkagngocClipboardTests" */,
			);
			defaultConfigurationName = Release;
		};
		0FB95FBD307941C400C8CE0E /* Build configuration list for PBXNativeTarget "CkagngocClipboardUITests" */ = {
			isa = XCConfigurationList;
			buildConfigurations = (
				0FB95FBE307941C400C8CE0E /* Debug configuration for PBXNativeTarget "CkagngocClipboardUITests" */,
				0FB95FBF307941C400C8CE0E /* Release configuration for PBXNativeTarget "CkagngocClipboardUITests" */,
			);
			defaultConfigurationName = Release;
		};
/* End XCConfigurationList section */
	};
	rootObject = 0FB95F90307941C300C8CE0E /* Project object */;
	validationLevel = 1;
}
